
Microsoft Visual Studio Solution File, Format Version 12.00
# Visual Studio Version 17
VisualStudioVersion = 17.14.36616.10
MinimumVisualStudioVersion = 10.0.40219.1
Project("{2150E333-8FDC-42A3-9474-1A3956D46DE8}") = "SQLQuery", "SQLQuery", "{02EA681E-C7D8-13C7-8484-4AC65E1B71E8}"
	ProjectSection(SolutionItems) = preProject
		SQLQuery\SQLQuery.ssmssln = SQLQuery\SQLQuery.ssmssln
	EndProjectSection
EndProject
Project("{2150E333-8FDC-42A3-9474-1A3956D46DE8}") = "Day1SQL", "Day1SQL", "{B55ED6CD-3BEE-4E82-96DB-AEEF43E580AB}"
	ProjectSection(SolutionItems) = preProject
		SQLQuery\Day1SQL\Day1SQL.ssmssqlproj = SQLQuery\Day1SQL\Day1SQL.ssmssqlproj
		SQLQuery\Day1SQL\FirstScript.sql = SQLQuery\Day1SQL\FirstScript.sql
	EndProjectSection
EndProject
Project("{FAE04EC0-301F-11D3-BF4B-00C04F79EFBC}") = "Day1CSharpDemo", "Day1CSharpDemo\Day1CSharpDemo.csproj", "{D9D9050D-A11A-4D42-9DAC-8DDDE5A6E5EB}"
EndProject
Project("{FAE04EC0-301F-11D3-BF4B-00C04F79EFBC}") = "Day2ConsoleDemo", "Day2ConsoleDemo\Day2ConsoleDemo.csproj", "{F758D86E-250F-4C8F-AC7A-7CA1FBFD26EA}"
EndProject
Project("{FAE04EC0-301F-11D3-BF4B-00C04F79EFBC}") = "Day2WinformAppDemo", "Day2WinformAppDemo\Day2WinformAppDemo.csproj", "{06051B83-F857-4B05-80D3-3E71CF47DB64}"
EndProject
Project("{FAE04EC0-301F-11D3-BF4B-00C04F79EFBC}") = "Day2WPFDemo", "Day2WPFDemo\Day2WPFDemo.csproj", "{4C27974B-216A-49A7-8EAB-2DFEB08755D9}"
EndProject
Project("{FAE04EC0-301F-11D3-BF4B-00C04F79EFBC}") = "Day2WebFormDemos", "Day2WebFormDemos\Day2WebFormDemos.csproj", "{6A2360B2-6B84-4047-8D7C-417B627E9A37}"
EndProject
Project("{FAE04EC0-301F-11D3-BF4B-00C04F79EFBC}") = "Day2MVCDemo", "Day2MVCDemo\Day2MVCDemo.csproj", "{F0F27507-55A4-4C69-8214-FB1A164A4BBA}"
EndProject
Project("{FAE04EC0-301F-11D3-BF4B-00C04F79EFBC}") = "Day2RestfullAPIDemo", "Day2RestfullAPIDemo\Day2RestfullAPIDemo.csproj", "{821CFB65-F1DE-4B76-9032-16930EB00C26}"
EndProject
Project("{FAE04EC0-301F-11D3-BF4B-00C04F79EFBC}") = "Day3DemoLab", "Day3DemoLab\Day3DemoLab.csproj", "{8F195E32-D7E9-4F90-B33E-346F3996DB09}"
EndProject
Project("{FAE04EC0-301F-11D3-BF4B-00C04F79EFBC}") = "Day4DemoLabs", "Day4DemoLabs\Day4DemoLabs.csproj", "{F16BC357-FCC8-4BF8-B9F5-AB0E1AB53785}"
EndProject
Project("{FAE04EC0-301F-11D3-BF4B-00C04F79EFBC}") = "Day5OOPDemoLab", "Day5OOPDemoLab\Day5OOPDemoLab.csproj", "{953767D1-7B45-4CC5-9060-51AB6809FCC6}"
EndProject
Project("{FAE04EC0-301F-11D3-BF4B-00C04F79EFBC}") = "Day6OOPDemoLab", "Day6OOPDemoLab\Day6OOPDemoLab.csproj", "{3C9CC172-CBFE-4AFD-A02A-17480BE3C9D2}"
EndProject
Project("{FAE04EC0-301F-11D3-BF4B-00C04F79EFBC}") = "Day7OOPDemoLab", "Day7OOPDemoLab\Day7OOPDemoLab.csproj", "{9C484232-92AA-45A1-AD89-F976B2127B64}"
EndProject
Project("{FAE04EC0-301F-11D3-BF4B-00C04F79EFBC}") = "Day7OOPDemoLab2", "Day7OOPDemoLab2\Day7OOPDemoLab2.csproj", "{F9D36CA8-1B25-4AF4-B4CB-A30A75FC1522}"
EndProject
Project("{FAE04EC0-301F-11D3-BF4B-00C04F79EFBC}") = "Day7OOPDLL", "Day7OOPDLL\Day7OOPDLL.csproj", "{EA9D152C-AC02-4EDE-B6E8-33550137F4B0}"
EndProject
Project("{FAE04EC0-301F-11D3-BF4B-00C04F79EFBC}") = "Day7IODemo", "Day7IODemo\Day7IODemo.csproj", "{624BD01B-E05C-4942-B6B2-0476B5BB5D84}"
EndProject
Global
	GlobalSection(SolutionConfigurationPlatforms) = preSolution
		Debug|Any CPU = Debug|Any CPU
		Release|Any CPU = Release|Any CPU
	EndGlobalSection
	GlobalSection(ProjectConfigurationPlatforms) = postSolution
		{D9D9050D-A11A-4D42-9DAC-8DDDE5A6E5EB}.Debug|Any CPU.ActiveCfg = Debug|Any CPU
		{D9D9050D-A11A-4D42-9DAC-8DDDE5A6E5EB}.Debug|Any CPU.Build.0 = Debug|Any CPU
		{D9D9050D-A11A-4D42-9DAC-8DDDE5A6E5EB}.Release|Any CPU.ActiveCfg = Release|Any CPU
		{D9D9050D-A11A-4D42-9DAC-8DDDE5A6E5EB}.Release|Any CPU.Build.0 = Release|Any CPU
		{F758D86E-250F-4C8F-AC7A-7CA1FBFD26EA}.Debug|Any CPU.ActiveCfg = Debug|Any CPU
		{F758D86E-250F-4C8F-AC7A-7CA1FBFD26EA}.Debug|Any CPU.Build.0 = Debug|Any CPU
		{F758D86E-250F-4C8F-AC7A-7CA1FBFD26EA}.Release|Any CPU.ActiveCfg = Release|Any CPU
		{F758D86E-250F-4C8F-AC7A-7CA1FBFD26EA}.Release|Any CPU.Build.0 = Release|Any CPU
		{06051B83-F857-4B05-80D3-3E71CF47DB64}.Debug|Any CPU.ActiveCfg = Debug|Any CPU
		{06051B83-F857-4B05-80D3-3E71CF47DB64}.Debug|Any CPU.Build.0 = Debug|Any CPU
		{06051B83-F857-4B05-80D3-3E71CF47DB64}.Release|Any CPU.ActiveCfg = Release|Any CPU
		{06051B83-F857-4B05-80D3-3E71CF47DB64}.Release|Any CPU.Build.0 = Release|Any CPU
		{4C27974B-216A-49A7-8EAB-2DFEB08755D9}.Debug|Any CPU.ActiveCfg = Debug|Any CPU
		{4C27974B-216A-49A7-8EAB-2DFEB08755D9}.Debug|Any CPU.Build.0 = Debug|Any CPU
		{4C27974B-216A-49A7-8EAB-2DFEB08755D9}.Release|Any CPU.ActiveCfg = Release|Any CPU
		{4C27974B-216A-49A7-8EAB-2DFEB08755D9}.Release|Any CPU.Build.0 = Release|Any CPU
		{6A2360B2-6B84-4047-8D7C-417B627E9A37}.Debug|Any CPU.ActiveCfg = Debug|Any CPU
		{6A2360B2-6B84-4047-8D7C-417B627E9A37}.Debug|Any CPU.Build.0 = Debug|Any CPU
		{6A2360B2-6B84-4047-8D7C-417B627E9A37}.Release|Any CPU.ActiveCfg = Release|Any CPU
		{6A2360B2-6B84-4047-8D7C-417B627E9A37}.Release|Any CPU.Build.0 = Release|Any CPU
		{F0F27507-55A4-4C69-8214-FB1A164A4BBA}.Debug|Any CPU.ActiveCfg = Debug|Any CPU
		{F0F27507-55A4-4C69-8214-FB1A164A4BBA}.Debug|Any CPU.Build.0 = Debug|Any CPU
		{F0F27507-55A4-4C69-8214-FB1A164A4BBA}.Release|Any CPU.ActiveCfg = Release|Any CPU
		{F0F27507-55A4-4C69-8214-FB1A164A4BBA}.Release|Any CPU.Build.0 = Release|Any CPU
		{821CFB65-F1DE-4B76-9032-16930EB00C26}.Debug|Any CPU.ActiveCfg = Debug|Any CPU
		{821CFB65-F1DE-4B76-9032-16930EB00C26}.Debug|Any CPU.Build.0 = Debug|Any CPU
		{821CFB65-F1DE-4B76-9032-16930EB00C26}.Release|Any CPU.ActiveCfg = Release|Any CPU
		{821CFB65-F1DE-4B76-9032-16930EB00C26}.Release|Any CPU.Build.0 = Release|Any CPU
		{8F195E32-D7E9-4F90-B33E-346F3996DB09}.Debug|Any CPU.ActiveCfg = Debug|Any CPU
		{8F195E32-D7E9-4F90-B33E-346F3996DB09}.Debug|Any CPU.Build.0 = Debug|Any CPU
		{8F195E32-D7E9-4F90-B33E-346F3996DB09}.Release|Any CPU.ActiveCfg = Release|Any CPU
		{8F195E32-D7E9-4F90-B33E-346F3996DB09}.Release|Any CPU.Build.0 = Release|Any CPU
		{F16BC357-FCC8-4BF8-B9F5-AB0E1AB53785}.Debug|Any CPU.ActiveCfg = Debug|Any CPU
		{F16BC357-FCC8-4BF8-B9F5-AB0E1AB53785}.Debug|Any CPU.Build.0 = Debug|Any CPU
		{F16BC357-FCC8-4BF8-B9F5-AB0E1AB53785}.Release|Any CPU.ActiveCfg = Release|Any CPU
		{F16BC357-FCC8-4BF8-B9F5-AB0E1AB53785}.Release|Any CPU.Build.0 = Release|Any CPU
		{953767D1-7B45-4CC5-9060-51AB6809FCC6}.Debug|Any CPU.ActiveCfg = Debug|Any CPU
		{953767D1-7B45-4CC5-9060-51AB6809FCC6}.Debug|Any CPU.Build.0 = Debug|Any CPU
		{953767D1-7B45-4CC5-9060-51AB6809FCC6}.Release|Any CPU.ActiveCfg = Release|Any CPU
		{953767D1-7B45-4CC5-9060-51AB6809FCC6}.Release|Any CPU.Build.0 = Release|Any CPU
		{3C9CC172-CBFE-4AFD-A02A-17480BE3C9D2}.Debug|Any CPU.ActiveCfg = Debug|Any CPU
		{3C9CC172-CBFE-4AFD-A02A-17480BE3C9D2}.Debug|Any CPU.Build.0 = Debug|Any CPU
		{3C9CC172-CBFE-4AFD-A02A-17480BE3C9D2}.Release|Any CPU.ActiveCfg = Release|Any CPU
		{3C9CC172-CBFE-4AFD-A02A-17480BE3C9D2}.Release|Any CPU.Build.0 = Release|Any CPU
		{9C484232-92AA-45A1-AD89-F976B2127B64}.Debug|Any CPU.ActiveCfg = Debug|Any CPU
		{9C484232-92AA-45A1-AD89-F976B2127B64}.Debug|Any CPU.Build.0 = Debug|Any CPU
		{9C484232-92AA-45A1-AD89-F976B2127B64}.Release|Any CPU.ActiveCfg = Release|Any CPU
		{9C484232-92AA-45A1-AD89-F976B2127B64}.Release|Any CPU.Build.0 = Release|Any CPU
		{F9D36CA8-1B25-4AF4-B4CB-A30A75FC1522}.Debug|Any CPU.ActiveCfg = Debug|Any CPU
		{F9D36CA8-1B25-4AF4-B4CB-A30A75FC1522}.Debug|Any CPU.Build.0 = Debug|Any CPU
		{F9D36CA8-1B25-4AF4-B4CB-A30A75FC1522}.Release|Any CPU.ActiveCfg = Release|Any CPU
		{F9D36CA8-1B25-4AF4-B4CB-A30A75FC1522}.Release|Any CPU.Build.0 = Release|Any CPU
		{EA9D152C-AC02-4EDE-B6E8-33550137F4B0}.Debug|Any CPU.ActiveCfg = Debug|Any CPU
		{EA9D152C-AC02-4EDE-B6E8-33550137F4B0}.Debug|Any CPU.Build.0 = Debug|Any CPU
		{EA9D152C-AC02-4EDE-B6E8-33550137F4B0}.Release|Any CPU.ActiveCfg = Release|Any CPU
		{EA9D152C-AC02-4EDE-B6E8-33550137F4B0}.Release|Any CPU.Build.0 = Release|Any CPU
		{624BD01B-E05C-4942-B6B2-0476B5BB5D84}.Debug|Any CPU.ActiveCfg = Debug|Any CPU
		{624BD01B-E05C-4942-B6B2-0476B5BB5D84}.Debug|Any CPU.Build.0 = Debug|Any CPU
		{624BD01B-E05C-4942-B6B2-0476B5BB5D84}.Release|Any CPU.ActiveCfg = Release|Any CPU
		{624BD01B-E05C-4942-B6B2-0476B5BB5D84}.Release|Any CPU.Build.0 = Release|Any CPU
	EndGlobalSection
	GlobalSection(SolutionProperties) = preSolution
		HideSolutionNode = FALSE
	EndGlobalSection
	GlobalSection(NestedProjects) = preSolution
		{B55ED6CD-3BEE-4E82-96DB-AEEF43E580AB} = {02EA681E-C7D8-13C7-8484-4AC65E1B71E8}
	EndGlobalSection
	GlobalSection(ExtensibilityGlobals) = postSolution
		SolutionGuid = {20A84ED0-150E-4A5F-92EA-4D9374B14F81}
	EndGlobalSection
EndGlobal
